{
    "_readme": [
        "This file locks the dependencies of your project to a known state",
        "Read more about it at https://getcomposer.org/doc/01-basic-usage.md#installing-dependencies",
        "This file is @generated automatically"
    ],
    "content-hash": "c26723b29ef0f31322c38a06e9d24198",
    "packages": [
        {
            "name": "dekuan/dedid",
            "version": "1.0.7",
            "source": {
                "type": "git",
                "url": "https://github.com/dekuan/dedid.git",
                "reference": "ff7732e8de85e7b3fa33b83ed3b8605c0dee0fd4"
            },
            "dist": {
                "type": "zip",
                "url": "https://api.github.com/repos/dekuan/dedid/zipball/ff7732e8de85e7b3fa33b83ed3b8605c0dee0fd4",
                "reference": "ff7732e8de85e7b3fa33b83ed3b8605c0dee0fd4",
                "shasum": ""
            },
            "require": {
                "php": ">=7.0.0"
            },
            "require-dev": {
                "phpunit/phpunit": "~6.0"
            },
            "type": "library",
            "extra": {
                "branch-alias": {
                    "dev-master": "0.3.x-dev"
                }
            },
            "autoload": {
                "psr-4": {
                    "dekuan\\": "src"
                }
            },
            "notification-url": "https://packagist.org/downloads/",
            "license": [
                "proprietary"
            ],
            "authors": [
                {
                    "name": "liuqixing",
                    "email": "liuqixing@dekuan.org"
                }
            ],
            "description": "An unique id generator for distributed database by DeKuan, Inc.",
            "support": {
                "issues": "https://github.com/dekuan/dedid/issues",
                "source": "https://github.com/dekuan/dedid/tree/master"
            },
            "time": "2017-12-25T07:53:29+00:00"
        },
        {
            "name": "firebase/php-jwt",
            "version": "dev-main",
            "source": {
                "type": "git",
                "url": "https://github.com/firebase/php-jwt.git",
                "reference": "29fa2ce9e0582cd397711eec1e80c05ce20fabca"
            },
            "dist": {
                "type": "zip",
                "url": "https://api.github.com/repos/firebase/php-jwt/zipball/29fa2ce9e0582cd397711eec1e80c05ce20fabca",
                "reference": "29fa2ce9e0582cd397711eec1e80c05ce20fabca",
                "shasum": ""
            },
            "require": {
                "php": "^8.0"
            },
            "require-dev": {
                "guzzlehttp/guzzle": "^7.4",
                "phpspec/prophecy-phpunit": "^2.0",
                "phpunit/phpunit": "^9.5",
                "psr/cache": "^2.0||^3.0",
                "psr/http-client": "^1.0",
                "psr/http-factory": "^1.0"
            },
            "suggest": {
                "ext-sodium": "Support EdDSA (Ed25519) signatures",
                "paragonie/sodium_compat": "Support EdDSA (Ed25519) signatures when libsodium is not present"
            },
            "default-branch": true,
            "type": "library",
            "autoload": {
                "psr-4": {
                    "Firebase\\JWT\\": "src"
                }
            },
            "notification-url": "https://packagist.org/downloads/",
            "license": [
                "BSD-3-Clause"
            ],
            "authors": [
                {
                    "name": "Neuman Vong",
                    "email": "neuman+pear@twilio.com",
                    "role": "Developer"
                },
                {
                    "name": "Anant Narayanan",
                    "email": "anant@php.net",
                    "role": "Developer"
                }
            ],
            "description": "A simple library to encode and decode JSON Web Tokens (JWT) in PHP. Should conform to the current spec.",
            "homepage": "https://github.com/firebase/php-jwt",
            "keywords": [
                "jwt",
                "php"
            ],
            "support": {
                "issues": "https://github.com/firebase/php-jwt/issues",
                "source": "https://github.com/firebase/php-jwt/tree/main"
            },
            "time": "2024-11-24T21:58:09+00:00"
        },
        {
            "name": "qphp/php-validate",
            "version": "dev-main",
            "source": {
                "type": "git",
                "url": "https://github.com/mumu-architect/php-validate.git",
                "reference": "2761815bf5b08969b832182b714b65b9d7ede5e7"
            },
            "dist": {
                "type": "zip",
                "url": "https://api.github.com/repos/mumu-architect/php-validate/zipball/2761815bf5b08969b832182b714b65b9d7ede5e7",
                "reference": "2761815bf5b08969b832182b714b65b9d7ede5e7",
                "shasum": ""
            },
            "require": {
                "php": ">=7.3.4"
            },
            "require-dev": {
                "phpunit/phpunit": "10.3.0"
            },
            "default-branch": true,
            "type": "library",
            "autoload": {
                "psr-4": {
                    "qphp\\Validate\\": "src/"
                }
            },
            "notification-url": "https://packagist.org/downloads/",
            "license": [
                "MIT"
            ],
            "authors": [
                {
                    "name": "qphp",
                    "email": "1211884772@qq.com",
                    "homepage": "https://github.com/1211884772"
                }
            ],
            "description": "generic data validate, filter library of the php",
            "homepage": "https://github.com/1211884772/php-validate",
            "keywords": [
                "form-validate",
                "library",
                "php-library",
                "validate",
                "validation"
            ],
            "support": {
                "issues": "https://github.com/mumu-architect/php-validate/issues",
                "source": "https://github.com/mumu-architect/php-validate/tree/main"
            },
            "time": "2024-10-01T16:17:39+00:00"
        },
        {
            "name": "swoole/swoole",
            "version": "5.1.x-dev",
            "source": {
                "type": "git",
                "url": "https://github.com/swoole/swoole-src.git",
                "reference": "a0a1ed81319c2a7d8b85875384cbcf0a68d42ae4"
            },
            "dist": {
                "type": "zip",
                "url": "https://api.github.com/repos/swoole/swoole-src/zipball/a0a1ed81319c2a7d8b85875384cbcf0a68d42ae4",
                "reference": "a0a1ed81319c2a7d8b85875384cbcf0a68d42ae4",
                "shasum": ""
            },
            "require": {
                "php": ">= 8.0"
            },
            "type": "php-ext",
            "notification-url": "https://packagist.org/downloads/",
            "license": [
                "Apache-2.0"
            ],
            "description": "Swoole is an event-driven, asynchronous, coroutine-based concurrency library with high performance for PHP.",
            "support": {
                "issues": "https://github.com/swoole/swoole-src/issues",
                "source": "https://github.com/swoole/swoole-src/tree/5.1.x"
            },
            "time": "2024-12-27T08:27:24+00:00"
        }
    ],
    "packages-dev": [],
    "aliases": [],
    "minimum-stability": "dev",
    "stability-flags": {
        "firebase/php-jwt": 20,
        "qphp/php-validate": 20
    },
    "prefer-stable": false,
    "prefer-lowest": false,
    "platform": {
        "ext-pdo": "*",
        "ext-json": "*",
        "ext-redis": "*"
    },
    "platform-dev": {
        "php": ">=8.0.2"
    },
    "plugin-api-version": "2.3.0"
}
